// !$*UTF8*$!
{
	archiveVersion = 1;
	classes = {
	};
	objectVersion = 50;
	objects = {

/* Begin PBXBuildFile section */
		F257BC602457CF88005FD75E /* TableViewCell.swift in Sources */ = {isa = PBXBuildFile; fileRef = F257BC5F2457CF88005FD75E /* TableViewCell.swift */; };
		F27BB16724577DD000646B62 /* AppDelegate.swift in Sources */ = {isa = PBXBuildFile; fileRef = F27BB16624577DD000646B62 /* AppDelegate.swift */; };
		F27BB16924577DD000646B62 /* SceneDelegate.swift in Sources */ = {isa = PBXBuildFile; fileRef = F27BB16824577DD000646B62 /* SceneDelegate.swift */; };
		F27BB16B24577DD000646B62 /* ViewController.swift in Sources */ = {isa = PBXBuildFile; fileRef = F27BB16A24577DD000646B62 /* ViewController.swift */; };
		F27BB16E24577DD000646B62 /* Main.storyboard in Resources */ = {isa = PBXBuildFile; fileRef = F27BB16C24577DD000646B62 /* Main.storyboard */; };
		F27BB17024577DD100646B62 /* Assets.xcassets in Resources */ = {isa = PBXBuildFile; fileRef = F27BB16F24577DD100646B62 /* Assets.xcassets */; };
		F27BB17324577DD100646B62 /* LaunchScreen.storyboard in Resources */ = {isa = PBXBuildFile; fileRef = F27BB17124577DD100646B62 /* LaunchScreen.storyboard */; };
		F27BB17E24577DD100646B62 /* ToDoMidtermP1Tests.swift in Sources */ = {isa = PBXBuildFile; fileRef = F27BB17D24577DD100646B62 /* ToDoMidtermP1Tests.swift */; };
		F27BB18924577DD100646B62 /* ToDoMidtermP1UITests.swift in Sources */ = {isa = PBXBuildFile; fileRef = F27BB18824577DD100646B62 /* ToDoMidtermP1UITests.swift */; };
		F27BB19E2457AAF900646B62 /* Main.storyboard in Resources */ = {isa = PBXBuildFile; fileRef = F27BB16C24577DD000646B62 /* Main.storyboard */; };
		F27BB19F2457AAF900646B62 /* Main.storyboard in Resources */ = {isa = PBXBuildFile; fileRef = F27BB16C24577DD000646B62 /* Main.storyboard */; };
/* End PBXBuildFile section */

/* Begin PBXContainerItemProxy section */
		F27BB17A24577DD100646B62 /* PBXContainerItemProxy */ = {
			isa = PBXContainerItemProxy;
			containerPortal = F27BB15B24577DD000646B62 /* Project object */;
			proxyType = 1;
			remoteGlobalIDString = F27BB16224577DD000646B62;
			remoteInfo = ToDoMidtermP1;
		};
		F27BB18524577DD100646B62 /* PBXContainerItemProxy */ = {
			isa = PBXContainerItemProxy;
			containerPortal = F27BB15B24577DD000646B62 /* Project object */;
			proxyType = 1;
			remoteGlobalIDString = F27BB16224577DD000646B62;
			remoteInfo = ToDoMidtermP1;
		};
/* End PBXContainerItemProxy section */

/* Begin PBXFileReference section */
		F257BC5F2457CF88005FD75E /* TableViewCell.swift */ = {isa = PBXFileReference; lastKnownFileType = sourcecode.swift; path = TableViewCell.swift; sourceTree = "<group>"; };
		F27BB16324577DD000646B62 /* ToDoMidtermP1.app */ = {isa = PBXFileReference; explicitFileType = wrapper.application; includeInIndex = 0; path = ToDoMidtermP1.app; sourceTree = BUILT_PRODUCTS_DIR; };
		F27BB16624577DD000646B62 /* AppDelegate.swift */ = {isa = PBXFileReference; lastKnownFileType = sourcecode.swift; path = AppDelegate.swift; sourceTree = "<group>"; };
		F27BB16824577DD000646B62 /* SceneDelegate.swift */ = {isa = PBXFileReference; lastKnownFileType = sourcecode.swift; path = SceneDelegate.swift; sourceTree = "<group>"; };
		F27BB16A24577DD000646B62 /* ViewController.swift */ = {isa = PBXFileReference; lastKnownFileType = sourcecode.swift; path = ViewController.swift; sourceTree = "<group>"; };
		F27BB16D24577DD000646B62 /* Base */ = {isa = PBXFileReference; lastKnownFileType = file.storyboard; name = Base; path = Base.lproj/Main.storyboard; sourceTree = "<group>"; };
		F27BB16F24577DD100646B62 /* Assets.xcassets */ = {isa = PBXFileReference; lastKnownFileType = folder.assetcatalog; path = Assets.xcassets; sourceTree = "<group>"; };
		F27BB17224577DD100646B62 /* Base */ = {isa = PBXFileReference; lastKnownFileType = file.storyboard; name = Base; path = Base.lproj/LaunchScreen.storyboard; sourceTree = "<group>"; };
		F27BB17424577DD100646B62 /* Info.plist */ = {isa = PBXFileReference; lastKnownFileType = text.plist.xml; path = Info.plist; sourceTree = "<group>"; };
		F27BB17924577DD100646B62 /* ToDoMidtermP1Tests.xctest */ = {isa = PBXFileReference; explicitFileType = wrapper.cfbundle; includeInIndex = 0; path = ToDoMidtermP1Tests.xctest; sourceTree = BUILT_PRODUCTS_DIR; };
		F27BB17D24577DD100646B62 /* ToDoMidtermP1Tests.swift */ = {isa = PBXFileReference; lastKnownFileType = sourcecode.swift; path = ToDoMidtermP1Tests.swift; sourceTree = "<group>"; };
		F27BB17F24577DD100646B62 /* Info.plist */ = {isa = PBXFileReference; lastKnownFileType = text.plist.xml; path = Info.plist; sourceTree = "<group>"; };
		F27BB18424577DD100646B62 /* ToDoMidtermP1UITests.xctest */ = {isa = PBXFileReference; explicitFileType = wrapper.cfbundle; includeInIndex = 0; path = ToDoMidtermP1UITests.xctest; sourceTree = BUILT_PRODUCTS_DIR; };
		F27BB18824577DD100646B62 /* ToDoMidtermP1UITests.swift */ = {isa = PBXFileReference; lastKnownFileType = sourcecode.swift; path = ToDoMidtermP1UITests.swift; sourceTree = "<group>"; };
		F27BB18A24577DD100646B62 /* Info.plist */ = {isa = PBXFileReference; lastKnownFileType = text.plist.xml; path = Info.plist; sourceTree = "<group>"; };
/* End PBXFileReference section */

/* Begin PBXFrameworksBuildPhase section */
		F27BB16024577DD000646B62 /* Frameworks */ = {
			isa = PBXFrameworksBuildPhase;
			buildActionMask = 2147483647;
			files = (
			);
			runOnlyForDeploymentPostprocessing = 0;
		};
		F27BB17624577DD100646B62 /* Frameworks */ = {
			isa = PBXFrameworksBuildPhase;
			buildActionMask = 2147483647;
			files = (
			);
			runOnlyForDeploymentPostprocessing = 0;
		};
		F27BB18124577DD100646B62 /* Frameworks */ = {
			isa = PBXFrameworksBuildPhase;
			buildActionMask = 2147483647;
			files = (
			);
			runOnlyForDeploymentPostprocessing = 0;
		};
/* End PBXFrameworksBuildPhase section */

/* Begin PBXGroup section */
		F27BB15A24577DD000646B62 = {
			isa = PBXGroup;
			children = (
				F27BB16524577DD000646B62 /* ToDoMidtermP1 */,
				F27BB17C24577DD100646B62 /* ToDoMidtermP1Tests */,
				F27BB18724577DD100646B62 /* ToDoMidtermP1UITests */,
				F27BB16424577DD000646B62 /* Products */,
			);
			sourceTree = "<group>";
		};
		F27BB16424577DD000646B62 /* Products */ = {
			isa = PBXGroup;
			children = (
				F27BB16324577DD000646B62 /* ToDoMidtermP1.app */,
				F27BB17924577DD100646B62 /* ToDoMidtermP1Tests.xctest */,
				F27BB18424577DD100646B62 /* ToDoMidtermP1UITests.xctest */,
			);
			name = Products;
			sourceTree = "<group>";
		};
		F27BB16524577DD000646B62 /* ToDoMidtermP1 */ = {
			isa = PBXGroup;
			children = (
				F27BB16624577DD000646B62 /* AppDelegate.swift */,
				F27BB16824577DD000646B62 /* SceneDelegate.swift */,
				F27BB16A24577DD000646B62 /* ViewController.swift */,
				F27BB16C24577DD000646B62 /* Main.storyboard */,
				F27BB16F24577DD100646B62 /* Assets.xcassets */,
				F27BB17124577DD100646B62 /* LaunchScreen.storyboard */,
				F27BB17424577DD100646B62 /* Info.plist */,
				F257BC5F2457CF88005FD75E /* TableViewCell.swift */,
			);
			path = ToDoMidtermP1;
			sourceTree = "<group>";
		};
		F27BB17C24577DD100646B62 /* ToDoMidtermP1Tests */ = {
			isa = PBXGroup;
			children = (
				F27BB17D24577DD100646B62 /* ToDoMidtermP1Tests.swift */,
				F27BB17F24577DD100646B62 /* Info.plist */,
			);
			path = ToDoMidtermP1Tests;
			sourceTree = "<group>";
		};
		F27BB18724577DD100646B62 /* ToDoMidtermP1UITests */ = {
			isa = PBXGroup;
			children = (
				F27BB18824577DD100646B62 /* ToDoMidtermP1UITests.swift */,
				F27BB18A24577DD100646B62 /* Info.plist */,
			);
			path = ToDoMidtermP1UITests;
			sourceTree = "<group>";
		};
/* End PBXGroup section */

/* Begin PBXNativeTarget section */
		F27BB16224577DD000646B62 /* ToDoMidtermP1 */ = {
			isa = PBXNativeTarget;
			buildConfigurationList = F27BB18D24577DD100646B62 /* Build configuration list for PBXNativeTarget "ToDoMidtermP1" */;
			buildPhases = (
				F27BB15F24577DD000646B62 /* Sources */,
				F27BB16024577DD000646B62 /* Frameworks */,
				F27BB16124577DD000646B62 /* Resources */,
			);
			buildRules = (
			);
			dependencies = (
			);
			name = ToDoMidtermP1;
			productName = ToDoMidtermP1;
			productReference = F27BB16324577DD000646B62 /* ToDoMidtermP1.app */;
			productType = "com.apple.product-type.application";
		};
		F27BB17824577DD100646B62 /* ToDoMidtermP1Tests */ = {
			isa = PBXNativeTarget;
			buildConfigurationList = F27BB19024577DD100646B62 /* Build configuration list for PBXNativeTarget "ToDoMidtermP1Tests" */;
			buildPhases = (
				F27BB17524577DD100646B62 /* Sources */,
				F27BB17624577DD100646B62 /* Frameworks */,
				F27BB17724577DD100646B62 /* Resources */,
			);
			buildRules = (
			);
			dependencies = (
				F27BB17B24577DD100646B62 /* PBXTargetDependency */,
			);
			name = ToDoMidtermP1Tests;
			productName = ToDoMidtermP1Tests;
			productReference = F27BB17924577DD100646B62 /* ToDoMidtermP1Tests.xctest */;
			productType = "com.apple.product-type.bundle.unit-test";
		};
		F27BB18324577DD100646B62 /* ToDoMidtermP1UITests */ = {
			isa = PBXNativeTarget;
			buildConfigurationList = F27BB19324577DD100646B62 /* Build configuration list for PBXNativeTarget "ToDoMidtermP1UITests" */;
			buildPhases = (
				F27BB18024577DD100646B62 /* Sources */,
				F27BB18124577DD100646B62 /* Frameworks */,
				F27BB18224577DD100646B62 /* Resources */,
			);
			buildRules = (
			);
			dependencies = (
				F27BB18624577DD100646B62 /* PBXTargetDependency */,
			);
			name = ToDoMidtermP1UITests;
			productName = ToDoMidtermP1UITests;
			productReference = F27BB18424577DD100646B62 /* ToDoMidtermP1UITests.xctest */;
			productType = "com.apple.product-type.bundle.ui-testing";
		};
/* End PBXNativeTarget section */

/* Begin PBXProject section */
		F27BB15B24577DD000646B62 /* Project object */ = {
			isa = PBXProject;
			attributes = {
				LastSwiftUpdateCheck = 1140;
				LastUpgradeCheck = 1140;
				ORGANIZATIONNAME = "Karina Abad";
				TargetAttributes = {
					F27BB16224577DD000646B62 = {
						CreatedOnToolsVersion = 11.4.1;
					};
					F27BB17824577DD100646B62 = {
						CreatedOnToolsVersion = 11.4.1;
						TestTargetID = F27BB16224577DD000646B62;
					};
					F27BB18324577DD100646B62 = {
						CreatedOnToolsVersion = 11.4.1;
						TestTargetID = F27BB16224577DD000646B62;
					};
				};
			};
			buildConfigurationList = F27BB15E24577DD000646B62 /* Build configuration list for PBXProject "ToDoMidtermP1" */;
			compatibilityVersion = "Xcode 9.3";
			developmentRegion = en;
			hasScannedForEncodings = 0;
			knownRegions = (
				en,
				Base,
			);
			mainGroup = F27BB15A24577DD000646B62;
			productRefGroup = F27BB16424577DD000646B62 /* Products */;
			projectDirPath = "";
			projectRoot = "";
			targets = (
				F27BB16224577DD000646B62 /* ToDoMidtermP1 */,
				F27BB17824577DD100646B62 /* ToDoMidtermP1Tests */,
				F27BB18324577DD100646B62 /* ToDoMidtermP1UITests */,
			);
		};
/* End PBXProject section */

/* Begin PBXResourcesBuildPhase section */
		F27BB16124577DD000646B62 /* Resources */ = {
			isa = PBXResourcesBuildPhase;
			buildActionMask = 2147483647;
			files = (
				F27BB17324577DD100646B62 /* LaunchScreen.storyboard in Resources */,
				F27BB17024577DD100646B62 /* Assets.xcassets in Resources */,
				F27BB16E24577DD000646B62 /* Main.storyboard in Resources */,
			);
			runOnlyForDeploymentPostprocessing = 0;
		};
		F27BB17724577DD100646B62 /* Resources */ = {
			isa = PBXResourcesBuildPhase;
			buildActionMask = 2147483647;
			files = (
				F27BB19E2457AAF900646B62 /* Main.storyboard in Resources */,
			);
			runOnlyForDeploymentPostprocessing = 0;
		};
		F27BB18224577DD100646B62 /* Resources */ = {
			isa = PBXResourcesBuildPhase;
			buildActionMask = 2147483647;
			files = (
				F27BB19F2457AAF900646B62 /* Main.storyboard in Resources */,
			);
			runOnlyForDeploymentPostprocessing = 0;
		};
/* End PBXResourcesBuildPhase section */

/* Begin PBXSourcesBuildPhase section */
		F27BB15F24577DD000646B62 /* Sources */ = {
			isa = PBXSourcesBuildPhase;
			buildActionMask = 2147483647;
			files = (
				F27BB16B24577DD000646B62 /* ViewController.swift in Sources */,
				F257BC602457CF88005FD75E /* TableViewCell.swift in Sources */,
				F27BB16724577DD000646B62 /* AppDelegate.swift in Sources */,
				F27BB16924577DD000646B62 /* SceneDelegate.swift in Sources */,
			);
			runOnlyForDeploymentPostprocessing = 0;
		};
		F27BB17524577DD100646B62 /* Sources */ = {
			isa = PBXSourcesBuildPhase;
			buildActionMask = 2147483647;
			files = (
				F27BB17E24577DD100646B62 /* ToDoMidtermP1Tests.swift in Sources */,
			);
			runOnlyForDeploymentPostprocessing = 0;
		};
		F27BB18024577DD100646B62 /* Sources */ = {
			isa = PBXSourcesBuildPhase;
			buildActionMask = 2147483647;
			files = (
				F27BB18924577DD100646B62 /* ToDoMidtermP1UITests.swift in Sources */,
			);
			runOnlyForDeploymentPostprocessing = 0;
		};
/* End PBXSourcesBuildPhase section */

/* Begin PBXTargetDependency section */
		F27BB17B24577DD100646B62 /* PBXTargetDependency */ = {
			isa = PBXTargetDependency;
			target = F27BB16224577DD000646B62 /* ToDoMidtermP1 */;
			targetProxy = F27BB17A24577DD100646B62 /* PBXContainerItemProxy */;
		};
		F27BB18624577DD100646B62 /* PBXTargetDependency */ = {
			isa = PBXTargetDependency;
			target = F27BB16224577DD000646B62 /* ToDoMidtermP1 */;
			targetProxy = F27BB18524577DD100646B62 /* PBXContainerItemProxy */;
		};
/* End PBXTargetDependency section */

/* Begin PBXVariantGroup section */
		F27BB16C24577DD000646B62 /* Main.storyboard */ = {
			isa = PBXVariantGroup;
			children = (
				F27BB16D24577DD000646B62 /* Base */,
			);
			name = Main.storyboard;
			sourceTree = "<group>";
		};
		F27BB17124577DD100646B62 /* LaunchScreen.storyboard */ = {
			isa = PBXVariantGroup;
			children = (
				F27BB17224577DD100646B62 /* Base */,
			);
			name = LaunchScreen.storyboard;
			sourceTree = "<group>";
		};
/* End PBXVariantGroup section */

/* Begin XCBuildConfiguration section */
		F27BB18B24577DD100646B62 /* Debug */ = {
			isa = XCBuildConfiguration;
			buildSettings = {
				ALWAYS_SEARCH_USER_PATHS = NO;
				CLANG_ANALYZER_NONNULL = YES;
				CLANG_ANALYZER_NUMBER_OBJECT_CONVERSION = YES_AGGRESSIVE;
				CLANG_CXX_LANGUAGE_STANDARD = "gnu++14";
				CLANG_CXX_LIBRARY = "libc++";
				CLANG_ENABLE_MODULES = YES;
				CLANG_ENABLE_OBJC_ARC = YES;
				CLANG_ENABLE_OBJC_WEAK = YES;
				CLANG_WARN_BLOCK_CAPTURE_AUTORELEASING = YES;
				CLANG_WARN_BOOL_CONVERSION = YES;
				CLANG_WARN_COMMA = YES;
				CLANG_WARN_CONSTANT_CONVERSION = YES;
				CLANG_WARN_DEPRECATED_OBJC_IMPLEMENTATIONS = YES;
				CLANG_WARN_DIRECT_OBJC_ISA_USAGE = YES_ERROR;
				CLANG_WARN_DOCUMENTATION_COMMENTS = YES;
				CLANG_WARN_EMPTY_BODY = YES;
				CLANG_WARN_ENUM_CONVERSION = YES;
				CLANG_WARN_INFINITE_RECURSION = YES;
				CLANG_WARN_INT_CONVERSION = YES;
				CLANG_WARN_NON_LITERAL_NULL_CONVERSION = YES;
				CLANG_WARN_OBJC_IMPLICIT_RETAIN_SELF = YES;
				CLANG_WARN_OBJC_LITERAL_CONVERSION = YES;
				CLANG_WARN_OBJC_ROOT_CLASS = YES_ERROR;
				CLANG_WARN_RANGE_LOOP_ANALYSIS = YES;
				CLANG_WARN_STRICT_PROTOTYPES = YES;
				CLANG_WARN_SUSPICIOUS_MOVE = YES;
				CLANG_WARN_UNGUARDED_AVAILABILITY = YES_AGGRESSIVE;
				CLANG_WARN_UNREACHABLE_CODE = YES;
				CLANG_WARN__DUPLICATE_METHOD_MATCH = YES;
				COPY_PHASE_STRIP = NO;
				DEBUG_INFORMATION_FORMAT = dwarf;
				ENABLE_STRICT_OBJC_MSGSEND = YES;
				ENABLE_TESTABILITY = YES;
				GCC_C_LANGUAGE_STANDARD = gnu11;
				GCC_DYNAMIC_NO_PIC = NO;
				GCC_NO_COMMON_BLOCKS = YES;
				GCC_OPTIMIZATION_LEVEL = 0;
				GCC_PREPROCESSOR_DEFINITIONS = (
					"DEBUG=1",
					"$(inherited)",
				);
				GCC_WARN_64_TO_32_BIT_CONVERSION = YES;
				GCC_WARN_ABOUT_RETURN_TYPE = YES_ERROR;
				GCC_WARN_UNDECLARED_SELECTOR = YES;
				GCC_WARN_UNINITIALIZED_AUTOS = YES_AGGRESSIVE;
				GCC_WARN_UNUSED_FUNCTION = YES;
				GCC_WARN_UNUSED_VARIABLE = YES;
				IPHONEOS_DEPLOYMENT_TARGET = 13.2;
				MTL_ENABLE_DEBUG_INFO = INCLUDE_SOURCE;
				MTL_FAST_MATH = YES;
				ONLY_ACTIVE_ARCH = YES;
				SDKROOT = iphoneos;
				SWIFT_ACTIVE_COMPILATION_CONDITIONS = DEBUG;
				SWIFT_OPTIMIZATION_LEVEL = "-Onone";
			};
			name = Debug;
		};
		F27BB18C24577DD100646B62 /* Release */ = {
			isa = XCBuildConfiguration;
			buildSettings = {
				ALWAYS_SEARCH_USER_PATHS = NO;
				CLANG_ANALYZER_NONNULL = YES;
				CLANG_ANALYZER_NUMBER_OBJECT_CONVERSION = YES_AGGRESSIVE;
				CLANG_CXX_LANGUAGE_STANDARD = "gnu++14";
				CLANG_CXX_LIBRARY = "libc++";
				CLANG_ENABLE_MODULES = YES;
				CLANG_ENABLE_OBJC_ARC = YES;
				CLANG_ENABLE_OBJC_WEAK = YES;
				CLANG_WARN_BLOCK_CAPTURE_AUTORELEASING = YES;
				CLANG_WARN_BOOL_CONVERSION = YES;
				CLANG_WARN_COMMA = YES;
				CLANG_WARN_CONSTANT_CONVERSION = YES;
				CLANG_WARN_DEPRECATED_OBJC_IMPLEMENTATIONS = YES;
				CLANG_WARN_DIRECT_OBJC_ISA_USAGE = YES_ERROR;
				CLANG_WARN_DOCUMENTATION_COMMENTS = YES;
				CLANG_WARN_EMPTY_BODY = YES;
				CLANG_WARN_ENUM_CONVERSION = YES;
				CLANG_WARN_INFINITE_RECURSION = YES;
				CLANG_WARN_INT_CONVERSION = YES;
				CLANG_WARN_NON_LITERAL_NULL_CONVERSION = YES;
				CLANG_WARN_OBJC_IMPLICIT_RETAIN_SELF = YES;
				CLANG_WARN_OBJC_LITERAL_CONVERSION = YES;
				CLANG_WARN_OBJC_ROOT_CLASS = YES_ERROR;
				CLANG_WARN_RANGE_LOOP_ANALYSIS = YES;
				CLANG_WARN_STRICT_PROTOTYPES = YES;
				CLANG_WARN_SUSPICIOUS_MOVE = YES;
				CLANG_WARN_UNGUARDED_AVAILABILITY = YES_AGGRESSIVE;
				CLANG_WARN_UNREACHABLE_CODE = YES;
				CLANG_WARN__DUPLICATE_METHOD_MATCH = YES;
				COPY_PHASE_STRIP = NO;
				DEBUG_INFORMATION_FORMAT = "dwarf-with-dsym";
				ENABLE_NS_ASSERTIONS = NO;
				ENABLE_STRICT_OBJC_MSGSEND = YES;
				GCC_C_LANGUAGE_STANDARD = gnu11;
				GCC_NO_COMMON_BLOCKS = YES;
				GCC_WARN_64_TO_32_BIT_CONVERSION = YES;
				GCC_WARN_ABOUT_RETURN_TYPE = YES_ERROR;
				GCC_WARN_UNDECLARED_SELECTOR = YES;
				GCC_WARN_UNINITIALIZED_AUTOS = YES_AGGRESSIVE;
				GCC_WARN_UNUSED_FUNCTION = YES;
				GCC_WARN_UNUSED_VARIABLE = YES;
				IPHONEOS_DEPLOYMENT_TARGET = 13.2;
				MTL_ENABLE_DEBUG_INFO = NO;
				MTL_FAST_MATH = YES;
				SDKROOT = iphoneos;
				SWIFT_COMPILATION_MODE = wholemodule;
				SWIFT_OPTIMIZATION_LEVEL = "-O";
				VALIDATE_PRODUCT = YES;
			};
			name = Release;
		};
		F27BB18E24577DD100646B62 /* Debug */ = {
			isa = XCBuildConfiguration;
			buildSettings = {
				ASSETCATALOG_COMPILER_APPICON_NAME = AppIcon;
				CODE_SIGN_STYLE = Automatic;
				DEVELOPMENT_TEAM = 9Q6Q72QP7S;
				INFOPLIST_FILE = ToDoMidtermP1/Info.plist;
				LD_RUNPATH_SEARCH_PATHS = (
					"$(inherited)",
					"@executable_path/Frameworks",
				);
				PRODUCT_BUNDLE_IDENTIFIER = com.karinaabad.ToDoMidtermP1;
				PRODUCT_NAME = "$(TARGET_NAME)";
				SWIFT_VERSION = 5.0;
				TARGETED_DEVICE_FAMILY = "1,2";
			};
			name = Debug;
		};
		F27BB18F24577DD100646B62 /* Release */ = {
			isa = XCBuildConfiguration;
			buildSettings = {
				ASSETCATALOG_COMPILER_APPICON_NAME = AppIcon;
				CODE_SIGN_STYLE = Automatic;
				DEVELOPMENT_TEAM = 9Q6Q72QP7S;
				INFOPLIST_FILE = ToDoMidtermP1/Info.plist;
				LD_RUNPATH_SEARCH_PATHS = (
					"$(inherited)",
					"@executable_path/Frameworks",
				);
				PRODUCT_BUNDLE_IDENTIFIER = com.karinaabad.ToDoMidtermP1;
				PRODUCT_NAME = "$(TARGET_NAME)";
				SWIFT_VERSION = 5.0;
				TARGETED_DEVICE_FAMILY = "1,2";
			};
			name = Release;
		};
		F27BB19124577DD100646B62 /* Debug */ = {
			isa = XCBuildConfiguration;
			buildSettings = {
				ALWAYS_EMBED_SWIFT_STANDARD_LIBRARIES = YES;
				BUNDLE_LOADER = "$(TEST_HOST)";
				CODE_SIGN_STYLE = Automatic;
				INFOPLIST_FILE = ToDoMidtermP1Tests/Info.plist;
				IPHONEOS_DEPLOYMENT_TARGET = 13.4;
				LD_RUNPATH_SEARCH_PATHS = (
					"$(inherited)",
					"@executable_path/Frameworks",
					"@loader_path/Frameworks",
				);
				PRODUCT_BUNDLE_IDENTIFIER = com.karinaabad.ToDoMidtermP1Tests;
				PRODUCT_NAME = "$(TARGET_NAME)";
				SWIFT_VERSION = 5.0;
				TARGETED_DEVICE_FAMILY = "1,2";
				TEST_HOST = "$(BUILT_PRODUCTS_DIR)/ToDoMidtermP1.app/ToDoMidtermP1";
			};
			name = Debug;
		};
		F27BB19224577DD100646B62 /* Release */ = {
			isa = XCBuildConfiguration;
			buildSettings = {
				ALWAYS_EMBED_SWIFT_STANDARD_LIBRARIES = YES;
				BUNDLE_LOADER = "$(TEST_HOST)";
				CODE_SIGN_STYLE = Automatic;
				INFOPLIST_FILE = ToDoMidtermP1Tests/Info.plist;
				IPHONEOS_DEPLOYMENT_TARGET = 13.4;
				LD_RUNPATH_SEARCH_PATHS = (
					"$(inherited)",
					"@executable_path/Frameworks",
					"@loader_path/Frameworks",
				);
				PRODUCT_BUNDLE_IDENTIFIER = com.karinaabad.ToDoMidtermP1Tests;
				PRODUCT_NAME = "$(TARGET_NAME)";
				SWIFT_VERSION = 5.0;
				TARGETED_DEVICE_FAMILY = "1,2";
				TEST_HOST = "$(BUILT_PRODUCTS_DIR)/ToDoMidtermP1.app/ToDoMidtermP1";
			};
			name = Release;
		};
		F27BB19424577DD100646B62 /* Debug */ = {
			isa = XCBuildConfiguration;
			buildSettings = {
				ALWAYS_EMBED_SWIFT_STANDARD_LIBRARIES = YES;
				CODE_SIGN_STYLE = Automatic;
				INFOPLIST_FILE = ToDoMidtermP1UITests/Info.plist;
				LD_RUNPATH_SEARCH_PATHS = (
					"$(inherited)",
					"@executable_path/Frameworks",
					"@loader_path/Frameworks",
				);
				PRODUCT_BUNDLE_IDENTIFIER = com.karinaabad.ToDoMidtermP1UITests;
				PRODUCT_NAME = "$(TARGET_NAME)";
				SWIFT_VERSION = 5.0;
				TARGETED_DEVICE_FAMILY = "1,2";
				TEST_TARGET_NAME = ToDoMidtermP1;
			};
			name = Debug;
		};
		F27BB19524577DD100646B62 /* Release */ = {
			isa = XCBuildConfiguration;
			buildSettings = {
				ALWAYS_EMBED_SWIFT_STANDARD_LIBRARIES = YES;
				CODE_SIGN_STYLE = Automatic;
				INFOPLIST_FILE = ToDoMidtermP1UITests/Info.plist;
				LD_RUNPATH_SEARCH_PATHS = (
					"$(inherited)",
					"@executable_path/Frameworks",
					"@loader_path/Frameworks",
				);
				PRODUCT_BUNDLE_IDENTIFIER = com.karinaabad.ToDoMidtermP1UITests;
				PRODUCT_NAME = "$(TARGET_NAME)";
				SWIFT_VERSION = 5.0;
				TARGETED_DEVICE_FAMILY = "1,2";
				TEST_TARGET_NAME = ToDoMidtermP1;
			};
			name = Release;
		};
/* End XCBuildConfiguration section */

/* Begin XCConfigurationList section */
		F27BB15E24577DD000646B62 /* Build configuration list for PBXProject "ToDoMidtermP1" */ = {
			isa = XCConfigurationList;
			buildConfigurations = (
				F27BB18B24577DD100646B62 /* Debug */,
				F27BB18C24577DD100646B62 /* Release */,
			);
			defaultConfigurationIsVisible = 0;
			defaultConfigurationName = Release;
		};
		F27BB18D24577DD100646B62 /* Build configuration list for PBXNativeTarget "ToDoMidtermP1" */ = {
			isa = XCConfigurationList;
			buildConfigurations = (
				F27BB18E24577DD100646B62 /* Debug */,
				F27BB18F24577DD100646B62 /* Release */,
			);
			defaultConfigurationIsVisible = 0;
			defaultConfigurationName = Release;
		};
		F27BB19024577DD100646B62 /* Build configuration list for PBXNativeTarget "ToDoMidtermP1Tests" */ = {
			isa = XCConfigurationList;
			buildConfigurations = (
				F27BB19124577DD100646B62 /* Debug */,
				F27BB19224577DD100646B62 /* Release */,
			);
			defaultConfigurationIsVisible = 0;
			defaultConfigurationName = Release;
		};
		F27BB19324577DD100646B62 /* Build configuration list for PBXNativeTarget "ToDoMidtermP1UITests" */ = {
			isa = XCConfigurationList;
			buildConfigurations = (
				F27BB19424577DD100646B62 /* Debug */,
				F27BB19524577DD100646B62 /* Release */,
			);
			defaultConfigurationIsVisible = 0;
			defaultConfigurationName = Release;
		};
/* End XCConfigurationList section */
	};
	rootObject = F27BB15B24577DD000646B62 /* Project object */;
}
